
Microsoft Visual Studio Solution File, Format Version 12.00
# Visual Studio Version 17
VisualStudioVersion = 17.2.32516.85
MinimumVisualStudioVersion = 10.0.40219.1
Project("{FAE04EC0-301F-11D3-BF4B-00C04F79EFBC}") = "CRUDEstados", "CRUDEstados\CRUDEstados.csproj", "{97D54B08-7657-405F-8922-160EE1424E3D}"
EndProject
Global
	GlobalSection(SolutionConfigurationPlatforms) = preSolution
		Debug|Any CPU = Debug|Any CPU
		Release|Any CPU = Release|Any CPU
	EndGlobalSection
	GlobalSection(ProjectConfigurationPlatforms) = postSolution
		{97D54B08-7657-405F-8922-160EE1424E3D}.Debug|Any CPU.ActiveCfg = Debug|Any CPU
		{97D54B08-7657-405F-8922-160EE1424E3D}.Debug|Any CPU.Build.0 = Debug|Any CPU
		{97D54B08-7657-405F-8922-160EE1424E3D}.Release|Any CPU.ActiveCfg = Release|Any CPU
		{97D54B08-7657-405F-8922-160EE1424E3D}.Release|Any CPU.Build.0 = Release|Any CPU
	EndGlobalSection
	GlobalSection(SolutionProperties) = preSolution
		HideSolutionNode = FALSE
	EndGlobalSection
	GlobalSection(ExtensibilityGlobals) = postSolution
		SolutionGuid = {882521EC-74F4-46E3-89CB-B1AA184747BC}
	EndGlobalSection
EndGlobal
