
Microsoft Visual Studio Solution File, Format Version 12.00
# Visual Studio Version 17
VisualStudioVersion = 17.2.32516.85
MinimumVisualStudioVersion = 10.0.40219.1
Project("{FAE04EC0-301F-11D3-BF4B-00C04F79EFBC}") = "CRUDEstatus", "CRUDEstatus\CRUDEstatus.csproj", "{576189AA-A0B6-4856-A82C-FC4E16A10986}"
EndProject
Global
	GlobalSection(SolutionConfigurationPlatforms) = preSolution
		Debug|Any CPU = Debug|Any CPU
		Release|Any CPU = Release|Any CPU
	EndGlobalSection
	GlobalSection(ProjectConfigurationPlatforms) = postSolution
		{576189AA-A0B6-4856-A82C-FC4E16A10986}.Debug|Any CPU.ActiveCfg = Debug|Any CPU
		{576189AA-A0B6-4856-A82C-FC4E16A10986}.Debug|Any CPU.Build.0 = Debug|Any CPU
		{576189AA-A0B6-4856-A82C-FC4E16A10986}.Release|Any CPU.ActiveCfg = Release|Any CPU
		{576189AA-A0B6-4856-A82C-FC4E16A10986}.Release|Any CPU.Build.0 = Release|Any CPU
	EndGlobalSection
	GlobalSection(SolutionProperties) = preSolution
		HideSolutionNode = FALSE
	EndGlobalSection
	GlobalSection(ExtensibilityGlobals) = postSolution
		SolutionGuid = {00F8F2F9-0F80-4866-BAAA-F4662DB867B7}
	EndGlobalSection
EndGlobal
